PODS:
  - AJWValidator (0.0.8)
  - AVOSCloud (3.2.8)
  - JSAnimatedImagesView (1.0.0):
    - MSWeakTimer (~> 1.0)
  - KxMenu (1)
  - MSWeakTimer (1.1.0)
  - RongCloudIMKit (2.5.0)

DEPENDENCIES:
  - AJWValidator
  - AVOSCloud
  - JSAnimatedImagesView
  - KxMenu
  - RongCloudIMKit (= 2.5.0)

SPEC CHECKSUMS:
  AJWValidator: ed00557b9cdcc38a8216aa9ddbd76b4eadb73615
  AVOSCloud: b789619942a4275e615f8f0782e7475675951b95
  JSAnimatedImagesView: d5c5f561280171ce13f1f08ba9834c47a1f27bfc
  KxMenu: c025365712f55fa99feb7830fbb7dea0e912be72
  MSWeakTimer: 9426150f933b80ed3acf3f6d228e4b61f0e303c8
  RongCloudIMKit: 3d8473f022c7588db80ef81caf0208e5c2fa4789

COCOAPODS: 0.39.0
